# THIS IS AN AUTOGENERATED FILE. DO NOT EDIT THIS FILE DIRECTLY.
# yarn lockfile v1


import-sort-parser@^6.0.0:
  version "6.0.0"
  resolved "https://registry.yarnpkg.com/import-sort-parser/-/import-sort-parser-6.0.0.tgz#0d901f264d98ed7caaae71f66128a686f828f2f4"
  integrity sha512-H5L+d6HnqHvThB0GmAA3/43Sv74oCwL0iMk3/ixOv0LRJ69rCyHXeG/+UadMHrD2FefEmgPIWboEPAG7gsQrkA==

import-sort-style@^6.0.0:
  version "6.0.0"
  resolved "https://registry.yarnpkg.com/import-sort-style/-/import-sort-style-6.0.0.tgz#088523f056e5064c34a6426f4733674d81b42e6a"
  integrity sha512-z0H5PKs7YoDeKxNYXv2AA1mjjZFY07fjeNCXUdTM3ymJtWeeEoTm8CQkFm2l+KPZoMczIvdwzJpWkkOamBnsPw==

typescript@^3.3.3333:
  version "3.3.3333"
  resolved "https://registry.yarnpkg.com/typescript/-/typescript-3.3.3333.tgz#171b2c5af66c59e9431199117a3bcadc66fdcfd6"
  integrity sha512-JjSKsAfuHBE/fB2oZ8NxtRTk5iGcg6hkYXMnZ3Wc+b2RSqejEqTaem11mHASMnFilHrax3sLK0GDzcJrekZYLw==
